
Microsoft Visual Studio Solution File, Format Version 12.00
# Visual Studio 15
VisualStudioVersion = 15.0.28307.645
MinimumVisualStudioVersion = 10.0.40219.1
Project("{FAE04EC0-301F-11D3-BF4B-00C04F79EFBC}") = "SampleConsoleApp", "SampleConsoleApp\SampleConsoleApp.csproj", "{D0313806-B9A8-4009-A3E1-AB29A2AE9B9E}"
EndProject
Global
	GlobalSection(SolutionConfigurationPlatforms) = preSolution
		Debug|Any CPU = Debug|Any CPU
		Release|Any CPU = Release|Any CPU
	EndGlobalSection
	GlobalSection(ProjectConfigurationPlatforms) = postSolution
		{D0313806-B9A8-4009-A3E1-AB29A2AE9B9E}.Debug|Any CPU.ActiveCfg = Debug|Any CPU
		{D0313806-B9A8-4009-A3E1-AB29A2AE9B9E}.Debug|Any CPU.Build.0 = Debug|Any CPU
		{D0313806-B9A8-4009-A3E1-AB29A2AE9B9E}.Release|Any CPU.ActiveCfg = Release|Any CPU
		{D0313806-B9A8-4009-A3E1-AB29A2AE9B9E}.Release|Any CPU.Build.0 = Release|Any CPU
	EndGlobalSection
	GlobalSection(SolutionProperties) = preSolution
		HideSolutionNode = FALSE
	EndGlobalSection
	GlobalSection(ExtensibilityGlobals) = postSolution
		SolutionGuid = {79E19AB3-A490-4DD8-8486-B4116958B02D}
	EndGlobalSection
EndGlobal
